lockfileVersion: '9.0'


settings:
  autoInstallPeers: true
  excludeLinksFromLockfile: false


overrides:
  tailwindcss>nanoid: 3.3.7


importers:


  .:
    dependencies:
      '@aws-sdk/client-s3':
        specifier: ^3.693.0
        version: 3.958.0
      '@aws-sdk/s3-request-presigner':
        specifier: ^3.693.0
        version: 3.958.0
      '@hookform/resolvers':
        specifier: ^5.2.2
        version: 5.2.2(react-hook-form@7.64.0(react@19.2.1))
      '@radix-ui/react-accordion':
        specifier: ^1.2.12
        version: 1.2.12(@types/react-dom@19.2.1(@types/react@19.2.1))(@types/react@19.2.1)(react-dom@19.2.1(react@19.2.1))(react@19.2.1)
      '@radix-ui/react-alert-dialog':
        specifier: ^1.1.15
        version: 1.1.15(@types/react-dom@19.2.1(@types/react@19.2.1))(@types/react@19.2.1)(react-dom@19.2.1(react@19.2.1))(react@19.2.1)
      '@radix-ui/react-aspect-ratio':
        specifier: ^1.1.7
        version: 1.1.7(@types/react-dom@19.2.1(@types/react@19.2.1))(@types/react@19.2.1)(react-dom@19.2.1(react@19.2.1))(react@19.2.1)
      '@radix-ui/react-avatar':
        specifier: ^1.1.10
        version: 1.1.10(@types/react-dom@19.2.1(@types/react@19.2.1))(@types/react@19.2.1)(react-dom@19.2.1(react@19.2.1))(react@19.2.1)
      '@radix-ui/react-checkbox':
        specifier: ^1.3.3
        version: 1.3.3(@types/react-dom@19.2.1(@types/react@19.2.1))(@types/react@19.2.1)(react-dom@19.2.1(react@19.2.1))(react@19.2.1)
      '@radix-ui/react-collapsible':
        specifier: ^1.1.12
        version: 1.1.12(@types/react-dom@19.2.1(@types/react@19.2.1))(@types/react@19.2.1)(react-dom@19.2.1(react@19.2.1))(react@19.2.1)
      '@radix-ui/react-context-menu':
        specifier: ^2.2.16
        version: 2.2.16(@types/react-dom@19.2.1(@types/react@19.2.1))(@types/react@19.2.1)(react-dom@19.2.1(react@19.2.1))(react@19.2.1)
      '@radix-ui/react-dialog':
        specifier: ^1.1.15
        version: 1.1.15(@types/react-dom@19.2.1(@types/react@19.2.1))(@types/react@19.2.1)(react-dom@19.2.1(react@19.2.1))(react@19.2.1)
      '@radix-ui/react-dropdown-menu':
        specifier: ^2.1.16
        version: 2.1.16(@types/react-dom@19.2.1(@types/react@19.2.1))(@types/react@19.2.1)(react-dom@19.2.1(react@19.2.1))(react@19.2.1)
      '@radix-ui/react-hover-card':
        specifier: ^1.1.15
        version: 1.1.15(@types/react-dom@19.2.1(@types/react@19.2.1))(@types/react@19.2.1)(react-dom@19.2.1(react@19.2.1))(react@19.2.1)
      '@radix-ui/react-label':
        specifier: ^2.1.7
        version: 2.1.7(@types/react-dom@19.2.1(@types/react@19.2.1))(@types/react@19.2.1)(react-dom@19.2.1(react@19.2.1))(react@19.2.1)
      '@radix-ui/react-menubar':
        specifier: ^1.1.16
        version: 1.1.16(@types/react-dom@19.2.1(@types/react@19.2.1))(@types/react@19.2.1)(react-dom@19.2.1(react@19.2.1))(react@19.2.1)
      '@radix-ui/react-navigation-menu':
        specifier: ^1.2.14
        version: 1.2.14(@types/react-dom@19.2.1(@types/react@19.2.1))(@types/react@19.2.1)(react-dom@19.2.1(react@19.2.1))(react@19.2.1)
      '@radix-ui/react-popover':
        specifier: ^1.1.15
        version: 1.1.15(@types/react-dom@19.2.1(@types/react@19.2.1))(@types/react@19.2.1)(react-dom@19.2.1(react@19.2.1))(react@19.2.1)
